
Microsoft Visual Studio Solution File, Format Version 12.00
Project("{FAE04EC0-301F-11D3-BF4B-00C04F79EFBC}") = "DemoUnixListener", "DemoUnixListener\DemoUnixListener.csproj", "{D8708ADC-C70A-418A-9444-927EA2536A23}"
EndProject
Global
	GlobalSection(SolutionConfigurationPlatforms) = preSolution
		Debug|Any CPU = Debug|Any CPU
		Release|Any CPU = Release|Any CPU
	EndGlobalSection
	GlobalSection(ProjectConfigurationPlatforms) = postSolution
		{D8708ADC-C70A-418A-9444-927EA2536A23}.Debug|Any CPU.ActiveCfg = Debug|Any CPU
		{D8708ADC-C70A-418A-9444-927EA2536A23}.Debug|Any CPU.Build.0 = Debug|Any CPU
		{D8708ADC-C70A-418A-9444-927EA2536A23}.Release|Any CPU.ActiveCfg = Release|Any CPU
		{D8708ADC-C70A-418A-9444-927EA2536A23}.Release|Any CPU.Build.0 = Release|Any CPU
	EndGlobalSection
EndGlobal
